
Microsoft Visual Studio Solution File, Format Version 12.00
# Visual Studio 15
VisualStudioVersion = 15.0.27703.2047
MinimumVisualStudioVersion = 10.0.40219.1
Project("{FAE04EC0-301F-11D3-BF4B-00C04F79EFBC}") = "Projeto01_ApiChamadas", "Projeto01_ApiChamadas\Projeto01_ApiChamadas.csproj", "{5F4F14B1-6F75-4C29-822C-2D7B4685D353}"
EndProject
Project("{FAE04EC0-301F-11D3-BF4B-00C04F79EFBC}") = "Projeto02_ClienteWebApiAjax", "Projeto02_ClienteWebApiAjax\Projeto02_ClienteWebApiAjax.csproj", "{EDF022C2-C04C-406C-B666-0BB24435690F}"
EndProject
Global
	GlobalSection(SolutionConfigurationPlatforms) = preSolution
		Debug|Any CPU = Debug|Any CPU
		Release|Any CPU = Release|Any CPU
	EndGlobalSection
	GlobalSection(ProjectConfigurationPlatforms) = postSolution
		{5F4F14B1-6F75-4C29-822C-2D7B4685D353}.Debug|Any CPU.ActiveCfg = Debug|Any CPU
		{5F4F14B1-6F75-4C29-822C-2D7B4685D353}.Debug|Any CPU.Build.0 = Debug|Any CPU
		{5F4F14B1-6F75-4C29-822C-2D7B4685D353}.Release|Any CPU.ActiveCfg = Release|Any CPU
		{5F4F14B1-6F75-4C29-822C-2D7B4685D353}.Release|Any CPU.Build.0 = Release|Any CPU
		{EDF022C2-C04C-406C-B666-0BB24435690F}.Debug|Any CPU.ActiveCfg = Debug|Any CPU
		{EDF022C2-C04C-406C-B666-0BB24435690F}.Debug|Any CPU.Build.0 = Debug|Any CPU
		{EDF022C2-C04C-406C-B666-0BB24435690F}.Release|Any CPU.ActiveCfg = Release|Any CPU
		{EDF022C2-C04C-406C-B666-0BB24435690F}.Release|Any CPU.Build.0 = Release|Any CPU
	EndGlobalSection
	GlobalSection(SolutionProperties) = preSolution
		HideSolutionNode = FALSE
	EndGlobalSection
	GlobalSection(ExtensibilityGlobals) = postSolution
		SolutionGuid = {24B418C4-C708-473E-BF44-304E0670D2E7}
	EndGlobalSection
EndGlobal
